# THIS IS AN AUTOGENERATED FILE. DO NOT EDIT THIS FILE DIRECTLY.
# yarn lockfile v1


swavy-ui@^1.1.0:
  version "1.1.0"
  resolved "https://registry.yarnpkg.com/swavy-ui/-/swavy-ui-1.1.0.tgz#827df75675c355be0ca3ca53fd93037d8ca126cd"
  integrity sha512-6wzWjnz4rEtYZ0oxEbJkR1UziblcSh5bt0sMhJAAuyTiDpJGedjjZZQePkpycGyb5mbexgJmOyPPiN9ZkH63+A==
